
Microsoft Visual Studio Solution File, Format Version 12.00
# Visual Studio 15
VisualStudioVersion = 15.0.26730.16
MinimumVisualStudioVersion = 10.0.40219.1
Project("{FAE04EC0-301F-11D3-BF4B-00C04F79EFBC}") = "_REFERENCE (Exemple 2 vu en salle)", "_REFERENCE (Exemple 2 vu en salle)\_REFERENCE (Exemple 2 vu en salle).csproj", "{87F879F5-96E0-46EF-BD6F-966E0A201EDA}"
EndProject
Project("{FAE04EC0-301F-11D3-BF4B-00C04F79EFBC}") = "M-Exercices - Algorithmie - Codage (TP1)", "M-Exercices - Codage CSharp Console (TP1)\M-Exercices - Algorithmie - Codage (TP1).csproj", "{280DDFA5-9284-4B65-A1B8-AC4F06FA5E61}"
EndProject
Project("{FAE04EC0-301F-11D3-BF4B-00C04F79EFBC}") = "M-Exercices - Algorithmie - Codage (TP2)", "M-Exercices - Codage CSharp Console (TP2)\M-Exercices - Algorithmie - Codage (TP2).csproj", "{4F848045-0CF0-4777-B9CD-FB75126F5277}"
EndProject
Project("{FAE04EC0-301F-11D3-BF4B-00C04F79EFBC}") = "M-Exercices - Algorithmie - Codage (TP3)", "M-Exercices - Codage CSharp Console (TP3)\M-Exercices - Algorithmie - Codage (TP3).csproj", "{33A0580C-57BB-40F8-B59A-7BB371ABF0FC}"
EndProject
Project("{FAE04EC0-301F-11D3-BF4B-00C04F79EFBC}") = "M-Exercices - Algorithmie - Codage (TP4)", "M-Exercices - Codage CSharp Console (TP4)\M-Exercices - Algorithmie - Codage (TP4).csproj", "{9185FC60-8A67-4D84-84A3-EAB5B012BC13}"
EndProject
Project("{FAE04EC0-301F-11D3-BF4B-00C04F79EFBC}") = "M-Exercices - Algorithmie - Codage (TP5)", "M-Exercices - Codage CSharp Console (TP5)\M-Exercices - Algorithmie - Codage (TP5).csproj", "{CC0EB562-5EBA-4B52-9CCC-C8D07CB4DF7B}"
EndProject
Project("{FAE04EC0-301F-11D3-BF4B-00C04F79EFBC}") = "M-Exercices - Algorithmie - Codage (TP6)", "M-Exercices - Codage CSharp Console (TP6)\M-Exercices - Algorithmie - Codage (TP6).csproj", "{4F49F382-086D-4CBC-BAD6-506FE614A2F3}"
EndProject
Project("{FAE04EC0-301F-11D3-BF4B-00C04F79EFBC}") = "N-Exercices_CSharp_WindowsForm", "N-Exercices_CSharp_WindowsForm\N-Exercices_CSharp_WindowsForm.csproj", "{CBAE89DC-42D5-4F6A-ADDB-5909366227A3}"
EndProject
Project("{FAE04EC0-301F-11D3-BF4B-00C04F79EFBC}") = "M-Exercices - Algorithmie - Codage (TP6) Tests Avancés", "M-Exercices - Codage CSharp Console (TP6) Tests Avancés (WIP)\M-Exercices - Algorithmie - Codage (TP6) Tests Avancés.csproj", "{2AA5734E-635D-44B9-8F74-6CE12825A13E}"
EndProject
Project("{FAE04EC0-301F-11D3-BF4B-00C04F79EFBC}") = "Methodes_Procedure_ou_Fonction_E1", "Algo_Exercices_Methodes_Procedure_ou_Fonction\Methodes_Procedure_ou_Fonction_E1.csproj", "{9204C5BD-35C0-4E9F-8BB5-57FD38297AA4}"
EndProject
Project("{FAE04EC0-301F-11D3-BF4B-00C04F79EFBC}") = "Methodes_Procedure_ou_Fonction_E2", "Methodes_Procedure_ou_Fonction_E2\Methodes_Procedure_ou_Fonction_E2.csproj", "{7EFC7EEC-B7EC-4857-9763-76EA055499AA}"
EndProject
Project("{FAE04EC0-301F-11D3-BF4B-00C04F79EFBC}") = "Methodes_Procedure_ou_Fonction_E3", "Methodes_Procedure_ou_Fonction_E3\Methodes_Procedure_ou_Fonction_E3.csproj", "{500A876C-2431-49E7-9E35-AE040BE3610E}"
EndProject
Project("{FAE04EC0-301F-11D3-BF4B-00C04F79EFBC}") = "Methodes_Procedure_ou_Fonction_E4", "Methodes_Procedure_ou_Fonction_E4\Methodes_Procedure_ou_Fonction_E4.csproj", "{181DF745-8396-4326-96E4-FE590C206A15}"
EndProject
Project("{FAE04EC0-301F-11D3-BF4B-00C04F79EFBC}") = "Methodes_Procedure_ou_Fonction_E5", "Methodes_Procedure_ou_Fonction_E5\Methodes_Procedure_ou_Fonction_E5.csproj", "{4E877D18-CB69-4800-8340-13D63983C7E3}"
EndProject
Project("{FAE04EC0-301F-11D3-BF4B-00C04F79EFBC}") = "Methodes_Procedure_ou_Fonction_E6", "Methodes_Procedure_ou_Fonction_E6\Methodes_Procedure_ou_Fonction_E6.csproj", "{2D801AD7-690D-431A-B641-863B1F7EDAA8}"
EndProject
Project("{2150E333-8FDC-42A3-9474-1A3956D46DE8}") = "FAQ et MODELES personnels", "FAQ et MODELES personnels", "{EC3310F4-C8D9-4C70-BCDD-8B9ECBD64009}"
	ProjectSection(SolutionItems) = preProject
		FAQ et MODELES personnels.txt = FAQ et MODELES personnels.txt
	EndProjectSection
EndProject
Global
	GlobalSection(SolutionConfigurationPlatforms) = preSolution
		Debug|Any CPU = Debug|Any CPU
		Release|Any CPU = Release|Any CPU
	EndGlobalSection
	GlobalSection(ProjectConfigurationPlatforms) = postSolution
		{87F879F5-96E0-46EF-BD6F-966E0A201EDA}.Debug|Any CPU.ActiveCfg = Debug|Any CPU
		{87F879F5-96E0-46EF-BD6F-966E0A201EDA}.Debug|Any CPU.Build.0 = Debug|Any CPU
		{87F879F5-96E0-46EF-BD6F-966E0A201EDA}.Release|Any CPU.ActiveCfg = Release|Any CPU
		{87F879F5-96E0-46EF-BD6F-966E0A201EDA}.Release|Any CPU.Build.0 = Release|Any CPU
		{280DDFA5-9284-4B65-A1B8-AC4F06FA5E61}.Debug|Any CPU.ActiveCfg = Debug|Any CPU
		{280DDFA5-9284-4B65-A1B8-AC4F06FA5E61}.Debug|Any CPU.Build.0 = Debug|Any CPU
		{280DDFA5-9284-4B65-A1B8-AC4F06FA5E61}.Release|Any CPU.ActiveCfg = Release|Any CPU
		{280DDFA5-9284-4B65-A1B8-AC4F06FA5E61}.Release|Any CPU.Build.0 = Release|Any CPU
		{4F848045-0CF0-4777-B9CD-FB75126F5277}.Debug|Any CPU.ActiveCfg = Debug|Any CPU
		{4F848045-0CF0-4777-B9CD-FB75126F5277}.Debug|Any CPU.Build.0 = Debug|Any CPU
		{4F848045-0CF0-4777-B9CD-FB75126F5277}.Release|Any CPU.ActiveCfg = Release|Any CPU
		{4F848045-0CF0-4777-B9CD-FB75126F5277}.Release|Any CPU.Build.0 = Release|Any CPU
		{33A0580C-57BB-40F8-B59A-7BB371ABF0FC}.Debug|Any CPU.ActiveCfg = Debug|Any CPU
		{33A0580C-57BB-40F8-B59A-7BB371ABF0FC}.Debug|Any CPU.Build.0 = Debug|Any CPU
		{33A0580C-57BB-40F8-B59A-7BB371ABF0FC}.Release|Any CPU.ActiveCfg = Release|Any CPU
		{33A0580C-57BB-40F8-B59A-7BB371ABF0FC}.Release|Any CPU.Build.0 = Release|Any CPU
		{9185FC60-8A67-4D84-84A3-EAB5B012BC13}.Debug|Any CPU.ActiveCfg = Debug|Any CPU
		{9185FC60-8A67-4D84-84A3-EAB5B012BC13}.Debug|Any CPU.Build.0 = Debug|Any CPU
		{9185FC60-8A67-4D84-84A3-EAB5B012BC13}.Release|Any CPU.ActiveCfg = Release|Any CPU
		{9185FC60-8A67-4D84-84A3-EAB5B012BC13}.Release|Any CPU.Build.0 = Release|Any CPU
		{CC0EB562-5EBA-4B52-9CCC-C8D07CB4DF7B}.Debug|Any CPU.ActiveCfg = Debug|Any CPU
		{CC0EB562-5EBA-4B52-9CCC-C8D07CB4DF7B}.Debug|Any CPU.Build.0 = Debug|Any CPU
		{CC0EB562-5EBA-4B52-9CCC-C8D07CB4DF7B}.Release|Any CPU.ActiveCfg = Release|Any CPU
		{CC0EB562-5EBA-4B52-9CCC-C8D07CB4DF7B}.Release|Any CPU.Build.0 = Release|Any CPU
		{4F49F382-086D-4CBC-BAD6-506FE614A2F3}.Debug|Any CPU.ActiveCfg = Debug|Any CPU
		{4F49F382-086D-4CBC-BAD6-506FE614A2F3}.Debug|Any CPU.Build.0 = Debug|Any CPU
		{4F49F382-086D-4CBC-BAD6-506FE614A2F3}.Release|Any CPU.ActiveCfg = Release|Any CPU
		{4F49F382-086D-4CBC-BAD6-506FE614A2F3}.Release|Any CPU.Build.0 = Release|Any CPU
		{CBAE89DC-42D5-4F6A-ADDB-5909366227A3}.Debug|Any CPU.ActiveCfg = Debug|Any CPU
		{CBAE89DC-42D5-4F6A-ADDB-5909366227A3}.Debug|Any CPU.Build.0 = Debug|Any CPU
		{CBAE89DC-42D5-4F6A-ADDB-5909366227A3}.Release|Any CPU.ActiveCfg = Release|Any CPU
		{CBAE89DC-42D5-4F6A-ADDB-5909366227A3}.Release|Any CPU.Build.0 = Release|Any CPU
		{2AA5734E-635D-44B9-8F74-6CE12825A13E}.Debug|Any CPU.ActiveCfg = Debug|Any CPU
		{2AA5734E-635D-44B9-8F74-6CE12825A13E}.Debug|Any CPU.Build.0 = Debug|Any CPU
		{2AA5734E-635D-44B9-8F74-6CE12825A13E}.Release|Any CPU.ActiveCfg = Release|Any CPU
		{2AA5734E-635D-44B9-8F74-6CE12825A13E}.Release|Any CPU.Build.0 = Release|Any CPU
		{9204C5BD-35C0-4E9F-8BB5-57FD38297AA4}.Debug|Any CPU.ActiveCfg = Debug|Any CPU
		{9204C5BD-35C0-4E9F-8BB5-57FD38297AA4}.Debug|Any CPU.Build.0 = Debug|Any CPU
		{9204C5BD-35C0-4E9F-8BB5-57FD38297AA4}.Release|Any CPU.ActiveCfg = Release|Any CPU
		{9204C5BD-35C0-4E9F-8BB5-57FD38297AA4}.Release|Any CPU.Build.0 = Release|Any CPU
		{7EFC7EEC-B7EC-4857-9763-76EA055499AA}.Debug|Any CPU.ActiveCfg = Debug|Any CPU
		{7EFC7EEC-B7EC-4857-9763-76EA055499AA}.Debug|Any CPU.Build.0 = Debug|Any CPU
		{7EFC7EEC-B7EC-4857-9763-76EA055499AA}.Release|Any CPU.ActiveCfg = Release|Any CPU
		{7EFC7EEC-B7EC-4857-9763-76EA055499AA}.Release|Any CPU.Build.0 = Release|Any CPU
		{500A876C-2431-49E7-9E35-AE040BE3610E}.Debug|Any CPU.ActiveCfg = Debug|Any CPU
		{500A876C-2431-49E7-9E35-AE040BE3610E}.Debug|Any CPU.Build.0 = Debug|Any CPU
		{500A876C-2431-49E7-9E35-AE040BE3610E}.Release|Any CPU.ActiveCfg = Release|Any CPU
		{500A876C-2431-49E7-9E35-AE040BE3610E}.Release|Any CPU.Build.0 = Release|Any CPU
		{181DF745-8396-4326-96E4-FE590C206A15}.Debug|Any CPU.ActiveCfg = Debug|Any CPU
		{181DF745-8396-4326-96E4-FE590C206A15}.Debug|Any CPU.Build.0 = Debug|Any CPU
		{181DF745-8396-4326-96E4-FE590C206A15}.Release|Any CPU.ActiveCfg = Release|Any CPU
		{181DF745-8396-4326-96E4-FE590C206A15}.Release|Any CPU.Build.0 = Release|Any CPU
		{4E877D18-CB69-4800-8340-13D63983C7E3}.Debug|Any CPU.ActiveCfg = Debug|Any CPU
		{4E877D18-CB69-4800-8340-13D63983C7E3}.Debug|Any CPU.Build.0 = Debug|Any CPU
		{4E877D18-CB69-4800-8340-13D63983C7E3}.Release|Any CPU.ActiveCfg = Release|Any CPU
		{4E877D18-CB69-4800-8340-13D63983C7E3}.Release|Any CPU.Build.0 = Release|Any CPU
		{2D801AD7-690D-431A-B641-863B1F7EDAA8}.Debug|Any CPU.ActiveCfg = Debug|Any CPU
		{2D801AD7-690D-431A-B641-863B1F7EDAA8}.Debug|Any CPU.Build.0 = Debug|Any CPU
		{2D801AD7-690D-431A-B641-863B1F7EDAA8}.Release|Any CPU.ActiveCfg = Release|Any CPU
		{2D801AD7-690D-431A-B641-863B1F7EDAA8}.Release|Any CPU.Build.0 = Release|Any CPU
	EndGlobalSection
	GlobalSection(SolutionProperties) = preSolution
		HideSolutionNode = FALSE
	EndGlobalSection
	GlobalSection(ExtensibilityGlobals) = postSolution
		SolutionGuid = {A5BC2A8F-C2AD-4DB2-809D-D61185305571}
	EndGlobalSection
EndGlobal
